
Microsoft Visual Studio Solution File, Format Version 12.00
# Visual Studio 15
VisualStudioVersion = 15.0.27004.2008
MinimumVisualStudioVersion = 10.0.40219.1
Project("{FAE04EC0-301F-11D3-BF4B-00C04F79EFBC}") = "Colso.Xrm.AttributeEditor", "Colso.Xrm.AttributeEditor\Colso.Xrm.AttributeEditor.csproj", "{09F88D1C-F1E1-484A-BDA9-B76FEB0B6B91}"
EndProject
Project("{FAE04EC0-301F-11D3-BF4B-00C04F79EFBC}") = "Tests", "Tests\Tests.csproj", "{DE826428-5C95-43EC-9CAD-2DFE74D67F7C}"
EndProject
Global
	GlobalSection(SolutionConfigurationPlatforms) = preSolution
		Debug|Any CPU = Debug|Any CPU
		Release|Any CPU = Release|Any CPU
	EndGlobalSection
	GlobalSection(ProjectConfigurationPlatforms) = postSolution
		{09F88D1C-F1E1-484A-BDA9-B76FEB0B6B91}.Debug|Any CPU.ActiveCfg = Debug|Any CPU
		{09F88D1C-F1E1-484A-BDA9-B76FEB0B6B91}.Debug|Any CPU.Build.0 = Debug|Any CPU
		{09F88D1C-F1E1-484A-BDA9-B76FEB0B6B91}.Release|Any CPU.ActiveCfg = Release|Any CPU
		{09F88D1C-F1E1-484A-BDA9-B76FEB0B6B91}.Release|Any CPU.Build.0 = Release|Any CPU
		{DE826428-5C95-43EC-9CAD-2DFE74D67F7C}.Debug|Any CPU.ActiveCfg = Debug|Any CPU
		{DE826428-5C95-43EC-9CAD-2DFE74D67F7C}.Debug|Any CPU.Build.0 = Debug|Any CPU
		{DE826428-5C95-43EC-9CAD-2DFE74D67F7C}.Release|Any CPU.ActiveCfg = Release|Any CPU
		{DE826428-5C95-43EC-9CAD-2DFE74D67F7C}.Release|Any CPU.Build.0 = Release|Any CPU
	EndGlobalSection
	GlobalSection(SolutionProperties) = preSolution
		HideSolutionNode = FALSE
	EndGlobalSection
	GlobalSection(ExtensibilityGlobals) = postSolution
		SolutionGuid = {749B1EE9-D378-4622-A6B0-D09EB56E54AE}
	EndGlobalSection
EndGlobal
